// !$*UTF8*$!
{
	archiveVersion = 1;
	classes = {
	};
	objectVersion = 55;
	objects = {

/* Begin PBXBuildFile section */
		31EF7656A57F38F8D7FD951F /* Pods_Flix.framework in Frameworks */ = {isa = PBXBuildFile; fileRef = EE6F86B4D0A88DD330A10E96 /* Pods_Flix.framework */; };
		50BE3AD5BBCDEDD044B764C6 /* Pods_FlixUITests.framework in Frameworks */ = {isa = PBXBuildFile; fileRef = AC3D216D904626EB3F1A6535 /* Pods_FlixUITests.framework */; };
		672E7311CD02691E5EC685DF /* Pods_FlixTests.framework in Frameworks */ = {isa = PBXBuildFile; fileRef = 175A9DBDCC4EEE6EACB5C4DE /* Pods_FlixTests.framework */; };
		B9D816BC27B0A86800138079 /* AppDelegate.swift in Sources */ = {isa = PBXBuildFile; fileRef = B9D816BB27B0A86800138079 /* AppDelegate.swift */; };
		B9D816BE27B0A86800138079 /* SceneDelegate.swift in Sources */ = {isa = PBXBuildFile; fileRef = B9D816BD27B0A86800138079 /* SceneDelegate.swift */; };
		B9D816C027B0A86800138079 /* ViewController.swift in Sources */ = {isa = PBXBuildFile; fileRef = B9D816BF27B0A86800138079 /* ViewController.swift */; };
		B9D816C327B0A86800138079 /* Main.storyboard in Resources */ = {isa = PBXBuildFile; fileRef = B9D816C127B0A86800138079 /* Main.storyboard */; };
		B9D816C527B0A87100138079 /* Assets.xcassets in Resources */ = {isa = PBXBuildFile; fileRef = B9D816C427B0A87100138079 /* Assets.xcassets */; };
		B9D816C827B0A87100138079 /* LaunchScreen.storyboard in Resources */ = {isa = PBXBuildFile; fileRef = B9D816C627B0A87100138079 /* LaunchScreen.storyboard */; };
		B9D816D327B0A87200138079 /* FlixTests.swift in Sources */ = {isa = PBXBuildFile; fileRef = B9D816D227B0A87200138079 /* FlixTests.swift */; };
		B9D816DD27B0A87200138079 /* FlixUITests.swift in Sources */ = {isa = PBXBuildFile; fileRef = B9D816DC27B0A87200138079 /* FlixUITests.swift */; };
		B9D816DF27B0A87200138079 /* FlixUITestsLaunchTests.swift in Sources */ = {isa = PBXBuildFile; fileRef = B9D816DE27B0A87200138079 /* FlixUITestsLaunchTests.swift */; };
		B9D816F027B0D0D400138079 /* MovieCell.swift in Sources */ = {isa = PBXBuildFile; fileRef = B9D816EF27B0D0D400138079 /* MovieCell.swift */; };
		B9D816F327B182B400138079 /* AlamofireImage in Frameworks */ = {isa = PBXBuildFile; productRef = B9D816F227B182B400138079 /* AlamofireImage */; };
/* End PBXBuildFile section */

/* Begin PBXContainerItemProxy section */
		B9D816CF27B0A87200138079 /* PBXContainerItemProxy */ = {
			isa = PBXContainerItemProxy;
			containerPortal = B9D816B027B0A86800138079 /* Project object */;
			proxyType = 1;
			remoteGlobalIDString = B9D816B727B0A86800138079;
			remoteInfo = Flix;
		};
		B9D816D927B0A87200138079 /* PBXContainerItemProxy */ = {
			isa = PBXContainerItemProxy;
			containerPortal = B9D816B027B0A86800138079 /* Project object */;
			proxyType = 1;
			remoteGlobalIDString = B9D816B727B0A86800138079;
			remoteInfo = Flix;
		};
/* End PBXContainerItemProxy section */

/* Begin PBXFileReference section */
		0C099724A0B5B12875AA31C5 /* Pods-FlixUITests.release.xcconfig */ = {isa = PBXFileReference; includeInIndex = 1; lastKnownFileType = text.xcconfig; name = "Pods-FlixUITests.release.xcconfig"; path = "Target Support Files/Pods-FlixUITests/Pods-FlixUITests.release.xcconfig"; sourceTree = "<group>"; };
		175A9DBDCC4EEE6EACB5C4DE /* Pods_FlixTests.framework */ = {isa = PBXFileReference; explicitFileType = wrapper.framework; includeInIndex = 0; path = Pods_FlixTests.framework; sourceTree = BUILT_PRODUCTS_DIR; };
		4D21C9BB0480DF0B231230EA /* Pods-FlixUITests.debug.xcconfig */ = {isa = PBXFileReference; includeInIndex = 1; lastKnownFileType = text.xcconfig; name = "Pods-FlixUITests.debug.xcconfig"; path = "Target Support Files/Pods-FlixUITests/Pods-FlixUITests.debug.xcconfig"; sourceTree = "<group>"; };
		58F797633E6B0E6C783FCD6B /* Pods-Flix.debug.xcconfig */ = {isa = PBXFileReference; includeInIndex = 1; lastKnownFileType = text.xcconfig; name = "Pods-Flix.debug.xcconfig"; path = "Target Support Files/Pods-Flix/Pods-Flix.debug.xcconfig"; sourceTree = "<group>"; };
		86C93ED5B470D6D4E3B2B264 /* Pods-Flix-FlixUITests.release.xcconfig */ = {isa = PBXFileReference; includeInIndex = 1; lastKnownFileType = text.xcconfig; name = "Pods-Flix-FlixUITests.release.xcconfig"; path = "Target Support Files/Pods-Flix-FlixUITests/Pods-Flix-FlixUITests.release.xcconfig"; sourceTree = "<group>"; };
		9F8D885C0E75E95E85056CD3 /* Pods-Flix.release.xcconfig */ = {isa = PBXFileReference; includeInIndex = 1; lastKnownFileType = text.xcconfig; name = "Pods-Flix.release.xcconfig"; path = "Target Support Files/Pods-Flix/Pods-Flix.release.xcconfig"; sourceTree = "<group>"; };
		AC3D216D904626EB3F1A6535 /* Pods_FlixUITests.framework */ = {isa = PBXFileReference; explicitFileType = wrapper.framework; includeInIndex = 0; path = Pods_FlixUITests.framework; sourceTree = BUILT_PRODUCTS_DIR; };
		B30AC8C82348DF1EA3EBCC99 /* Pods-FlixTests.release.xcconfig */ = {isa = PBXFileReference; includeInIndex = 1; lastKnownFileType = text.xcconfig; name = "Pods-FlixTests.release.xcconfig"; path = "Target Support Files/Pods-FlixTests/Pods-FlixTests.release.xcconfig"; sourceTree = "<group>"; };
		B9D816B827B0A86800138079 /* Flix.app */ = {isa = PBXFileReference; explicitFileType = wrapper.application; includeInIndex = 0; path = Flix.app; sourceTree = BUILT_PRODUCTS_DIR; };
		B9D816BB27B0A86800138079 /* AppDelegate.swift */ = {isa = PBXFileReference; lastKnownFileType = sourcecode.swift; path = AppDelegate.swift; sourceTree = "<group>"; };
		B9D816BD27B0A86800138079 /* SceneDelegate.swift */ = {isa = PBXFileReference; lastKnownFileType = sourcecode.swift; path = SceneDelegate.swift; sourceTree = "<group>"; };
		B9D816BF27B0A86800138079 /* ViewController.swift */ = {isa = PBXFileReference; lastKnownFileType = sourcecode.swift; path = ViewController.swift; sourceTree = "<group>"; };
		B9D816C227B0A86800138079 /* Base */ = {isa = PBXFileReference; lastKnownFileType = file.storyboard; name = Base; path = Base.lproj/Main.storyboard; sourceTree = "<group>"; };
		B9D816C427B0A87100138079 /* Assets.xcassets */ = {isa = PBXFileReference; lastKnownFileType = folder.assetcatalog; path = Assets.xcassets; sourceTree = "<group>"; };
		B9D816C727B0A87100138079 /* Base */ = {isa = PBXFileReference; lastKnownFileType = file.storyboard; name = Base; path = Base.lproj/LaunchScreen.storyboard; sourceTree = "<group>"; };
		B9D816C927B0A87100138079 /* Info.plist */ = {isa = PBXFileReference; lastKnownFileType = text.plist.xml; path = Info.plist; sourceTree = "<group>"; };
		B9D816CE27B0A87200138079 /* FlixTests.xctest */ = {isa = PBXFileReference; explicitFileType = wrapper.cfbundle; includeInIndex = 0; path = FlixTests.xctest; sourceTree = BUILT_PRODUCTS_DIR; };
		B9D816D227B0A87200138079 /* FlixTests.swift */ = {isa = PBXFileReference; lastKnownFileType = sourcecode.swift; path = FlixTests.swift; sourceTree = "<group>"; };
		B9D816D827B0A87200138079 /* FlixUITests.xctest */ = {isa = PBXFileReference; explicitFileType = wrapper.cfbundle; includeInIndex = 0; path = FlixUITests.xctest; sourceTree = BUILT_PRODUCTS_DIR; };
		B9D816DC27B0A87200138079 /* FlixUITests.swift */ = {isa = PBXFileReference; lastKnownFileType = sourcecode.swift; path = FlixUITests.swift; sourceTree = "<group>"; };
		B9D816DE27B0A87200138079 /* FlixUITestsLaunchTests.swift */ = {isa = PBXFileReference; lastKnownFileType = sourcecode.swift; path = FlixUITestsLaunchTests.swift; sourceTree = "<group>"; };
		B9D816EF27B0D0D400138079 /* MovieCell.swift */ = {isa = PBXFileReference; lastKnownFileType = sourcecode.swift; path = MovieCell.swift; sourceTree = "<group>"; };
		BE0366D4A3248A846D672846 /* Pods-Flix-FlixUITests.debug.xcconfig */ = {isa = PBXFileReference; includeInIndex = 1; lastKnownFileType = text.xcconfig; name = "Pods-Flix-FlixUITests.debug.xcconfig"; path = "Target Support Files/Pods-Flix-FlixUITests/Pods-Flix-FlixUITests.debug.xcconfig"; sourceTree = "<group>"; };
		E05F08FAEE27C1400C6BE12E /* Pods-FlixTests.debug.xcconfig */ = {isa = PBXFileReference; includeInIndex = 1; lastKnownFileType = text.xcconfig; name = "Pods-FlixTests.debug.xcconfig"; path = "Target Support Files/Pods-FlixTests/Pods-FlixTests.debug.xcconfig"; sourceTree = "<group>"; };
		EE6F86B4D0A88DD330A10E96 /* Pods_Flix.framework */ = {isa = PBXFileReference; explicitFileType = wrapper.framework; includeInIndex = 0; path = Pods_Flix.framework; sourceTree = BUILT_PRODUCTS_DIR; };
/* End PBXFileReference section */

/* Begin PBXFrameworksBuildPhase section */
		B9D816B527B0A86800138079 /* Frameworks */ = {
			isa = PBXFrameworksBuildPhase;
			buildActionMask = 2147483647;
			files = (
				B9D816F327B182B400138079 /* AlamofireImage in Frameworks */,
				31EF7656A57F38F8D7FD951F /* Pods_Flix.framework in Frameworks */,
			);
			runOnlyForDeploymentPostprocessing = 0;
		};
		B9D816CB27B0A87200138079 /* Frameworks */ = {
			isa = PBXFrameworksBuildPhase;
			buildActionMask = 2147483647;
			files = (
				672E7311CD02691E5EC685DF /* Pods_FlixTests.framework in Frameworks */,
			);
			runOnlyForDeploymentPostprocessing = 0;
		};
		B9D816D527B0A87200138079 /* Frameworks */ = {
			isa = PBXFrameworksBuildPhase;
			buildActionMask = 2147483647;
			files = (
				50BE3AD5BBCDEDD044B764C6 /* Pods_FlixUITests.framework in Frameworks */,
			);
			runOnlyForDeploymentPostprocessing = 0;
		};
/* End PBXFrameworksBuildPhase section */

/* Begin PBXGroup section */
		4E0287F0C312C765D1291297 /* Frameworks */ = {
			isa = PBXGroup;
			children = (
				EE6F86B4D0A88DD330A10E96 /* Pods_Flix.framework */,
				175A9DBDCC4EEE6EACB5C4DE /* Pods_FlixTests.framework */,
				AC3D216D904626EB3F1A6535 /* Pods_FlixUITests.framework */,
			);
			name = Frameworks;
			sourceTree = "<group>";
		};
		B5F37A5DFDA48F380597B7EE /* Pods */ = {
			isa = PBXGroup;
			children = (
				58F797633E6B0E6C783FCD6B /* Pods-Flix.debug.xcconfig */,
				9F8D885C0E75E95E85056CD3 /* Pods-Flix.release.xcconfig */,
				BE0366D4A3248A846D672846 /* Pods-Flix-FlixUITests.debug.xcconfig */,
				86C93ED5B470D6D4E3B2B264 /* Pods-Flix-FlixUITests.release.xcconfig */,
				E05F08FAEE27C1400C6BE12E /* Pods-FlixTests.debug.xcconfig */,
				B30AC8C82348DF1EA3EBCC99 /* Pods-FlixTests.release.xcconfig */,
				4D21C9BB0480DF0B231230EA /* Pods-FlixUITests.debug.xcconfig */,
				0C099724A0B5B12875AA31C5 /* Pods-FlixUITests.release.xcconfig */,
			);
			path = Pods;
			sourceTree = "<group>";
		};
		B9D816AF27B0A86800138079 = {
			isa = PBXGroup;
			children = (
				B9D816BA27B0A86800138079 /* Flix */,
				B9D816D127B0A87200138079 /* FlixTests */,
				B9D816DB27B0A87200138079 /* FlixUITests */,
				B9D816B927B0A86800138079 /* Products */,
				B5F37A5DFDA48F380597B7EE /* Pods */,
				4E0287F0C312C765D1291297 /* Frameworks */,
			);
			sourceTree = "<group>";
		};
		B9D816B927B0A86800138079 /* Products */ = {
			isa = PBXGroup;
			children = (
				B9D816B827B0A86800138079 /* Flix.app */,
				B9D816CE27B0A87200138079 /* FlixTests.xctest */,
				B9D816D827B0A87200138079 /* FlixUITests.xctest */,
			);
			name = Products;
			sourceTree = "<group>";
		};
		B9D816BA27B0A86800138079 /* Flix */ = {
			isa = PBXGroup;
			children = (
				B9D816BB27B0A86800138079 /* AppDelegate.swift */,
				B9D816BD27B0A86800138079 /* SceneDelegate.swift */,
				B9D816BF27B0A86800138079 /* ViewController.swift */,
				B9D816C127B0A86800138079 /* Main.storyboard */,
				B9D816C427B0A87100138079 /* Assets.xcassets */,
				B9D816C627B0A87100138079 /* LaunchScreen.storyboard */,
				B9D816C927B0A87100138079 /* Info.plist */,
				B9D816EF27B0D0D400138079 /* MovieCell.swift */,
			);
			path = Flix;
			sourceTree = "<group>";
		};
		B9D816D127B0A87200138079 /* FlixTests */ = {
			isa = PBXGroup;
			children = (
				B9D816D227B0A87200138079 /* FlixTests.swift */,
			);
			path = FlixTests;
			sourceTree = "<group>";
		};
		B9D816DB27B0A87200138079 /* FlixUITests */ = {
			isa = PBXGroup;
			children = (
				B9D816DC27B0A87200138079 /* FlixUITests.swift */,
				B9D816DE27B0A87200138079 /* FlixUITestsLaunchTests.swift */,
			);
			path = FlixUITests;
			sourceTree = "<group>";
		};
/* End PBXGroup section */

/* Begin PBXNativeTarget section */
		B9D816B727B0A86800138079 /* Flix */ = {
			isa = PBXNativeTarget;
			buildConfigurationList = B9D816E227B0A87200138079 /* Build configuration list for PBXNativeTarget "Flix" */;
			buildPhases = (
				40FC1963ACE960B583E46F76 /* [CP] Check Pods Manifest.lock */,
				B9D816B427B0A86800138079 /* Sources */,
				B9D816B527B0A86800138079 /* Frameworks */,
				B9D816B627B0A86800138079 /* Resources */,
				A8C7885057897559E0B8E3CF /* [CP] Embed Pods Frameworks */,
			);
			buildRules = (
			);
			dependencies = (
			);
			name = Flix;
			packageProductDependencies = (
				B9D816F227B182B400138079 /* AlamofireImage */,
			);
			productName = Flix;
			productReference = B9D816B827B0A86800138079 /* Flix.app */;
			productType = "com.apple.product-type.application";
		};
		B9D816CD27B0A87200138079 /* FlixTests */ = {
			isa = PBXNativeTarget;
			buildConfigurationList = B9D816E527B0A87200138079 /* Build configuration list for PBXNativeTarget "FlixTests" */;
			buildPhases = (
				DF67E8797118272B0EA1B274 /* [CP] Check Pods Manifest.lock */,
				B9D816CA27B0A87200138079 /* Sources */,
				B9D816CB27B0A87200138079 /* Frameworks */,
				B9D816CC27B0A87200138079 /* Resources */,
			);
			buildRules = (
			);
			dependencies = (
				B9D816D027B0A87200138079 /* PBXTargetDependency */,
			);
			name = FlixTests;
			productName = FlixTests;
			productReference = B9D816CE27B0A87200138079 /* FlixTests.xctest */;
			productType = "com.apple.product-type.bundle.unit-test";
		};
		B9D816D727B0A87200138079 /* FlixUITests */ = {
			isa = PBXNativeTarget;
			buildConfigurationList = B9D816E827B0A87200138079 /* Build configuration list for PBXNativeTarget "FlixUITests" */;
			buildPhases = (
				3D7CEE7836FFED9C040B07AF /* [CP] Check Pods Manifest.lock */,
				B9D816D427B0A87200138079 /* Sources */,
				B9D816D527B0A87200138079 /* Frameworks */,
				B9D816D627B0A87200138079 /* Resources */,
			);
			buildRules = (
			);
			dependencies = (
				B9D816DA27B0A87200138079 /* PBXTargetDependency */,
			);
			name = FlixUITests;
			productName = FlixUITests;
			productReference = B9D816D827B0A87200138079 /* FlixUITests.xctest */;
			productType = "com.apple.product-type.bundle.ui-testing";
		};
/* End PBXNativeTarget section */

/* Begin PBXProject section */
		B9D816B027B0A86800138079 /* Project object */ = {
			isa = PBXProject;
			attributes = {
				BuildIndependentTargetsInParallel = 1;
				LastSwiftUpdateCheck = 1320;
				LastUpgradeCheck = 1320;
				TargetAttributes = {
					B9D816B727B0A86800138079 = {
						CreatedOnToolsVersion = 13.2.1;
					};
					B9D816CD27B0A87200138079 = {
						CreatedOnToolsVersion = 13.2.1;
						TestTargetID = B9D816B727B0A86800138079;
					};
					B9D816D727B0A87200138079 = {
						CreatedOnToolsVersion = 13.2.1;
						TestTargetID = B9D816B727B0A86800138079;
					};
				};
			};
			buildConfigurationList = B9D816B327B0A86800138079 /* Build configuration list for PBXProject "Flix" */;
			compatibilityVersion = "Xcode 13.0";
			developmentRegion = en;
			hasScannedForEncodings = 0;
			knownRegions = (
				en,
				Base,
			);
			mainGroup = B9D816AF27B0A86800138079;
			packageReferences = (
				B9D816F127B182B400138079 /* XCRemoteSwiftPackageReference "AlamofireImage" */,
			);
			productRefGroup = B9D816B927B0A86800138079 /* Products */;
			projectDirPath = "";
			projectRoot = "";
			targets = (
				B9D816B727B0A86800138079 /* Flix */,
				B9D816CD27B0A87200138079 /* FlixTests */,
				B9D816D727B0A87200138079 /* FlixUITests */,
			);
		};
/* End PBXProject section */

/* Begin PBXResourcesBuildPhase section */
		B9D816B627B0A86800138079 /* Resources */ = {
			isa = PBXResourcesBuildPhase;
			buildActionMask = 2147483647;
			files = (
				B9D816C827B0A87100138079 /* LaunchScreen.storyboard in Resources */,
				B9D816C527B0A87100138079 /* Assets.xcassets in Resources */,
				B9D816C327B0A86800138079 /* Main.storyboard in Resources */,
			);
			runOnlyForDeploymentPostprocessing = 0;
		};
		B9D816CC27B0A87200138079 /* Resources */ = {
			isa = PBXResourcesBuildPhase;
			buildActionMask = 2147483647;
			files = (
			);
			runOnlyForDeploymentPostprocessing = 0;
		};
		B9D816D627B0A87200138079 /* Resources */ = {
			isa = PBXResourcesBuildPhase;
			buildActionMask = 2147483647;
			files = (
			);
			runOnlyForDeploymentPostprocessing = 0;
		};
/* End PBXResourcesBuildPhase section */

/* Begin PBXShellScriptBuildPhase section */
		3D7CEE7836FFED9C040B07AF /* [CP] Check Pods Manifest.lock */ = {
			isa = PBXShellScriptBuildPhase;
			buildActionMask = 2147483647;
			files = (
			);
			inputFileListPaths = (
			);
			inputPaths = (
				"${PODS_PODFILE_DIR_PATH}/Podfile.lock",
				"${PODS_ROOT}/Manifest.lock",
			);
			name = "[CP] Check Pods Manifest.lock";
			outputFileListPaths = (
			);
			outputPaths = (
				"$(DERIVED_FILE_DIR)/Pods-FlixUITests-checkManifestLockResult.txt",
			);
			runOnlyForDeploymentPostprocessing = 0;
			shellPath = /bin/sh;
			shellScript = "diff \"${PODS_PODFILE_DIR_PATH}/Podfile.lock\" \"${PODS_ROOT}/Manifest.lock\" > /dev/null\nif [ $? != 0 ] ; then\n    # print error to STDERR\n    echo \"error: The sandbox is not in sync with the Podfile.lock. Run 'pod install' or update your CocoaPods installation.\" >&2\n    exit 1\nfi\n# This output is used by Xcode 'outputs' to avoid re-running this script phase.\necho \"SUCCESS\" > \"${SCRIPT_OUTPUT_FILE_0}\"\n";
			showEnvVarsInLog = 0;
		};
		40FC1963ACE960B583E46F76 /* [CP] Check Pods Manifest.lock */ = {
			isa = PBXShellScriptBuildPhase;
			buildActionMask = 2147483647;
			files = (
			);
			inputFileListPaths = (
			);
			inputPaths = (
				"${PODS_PODFILE_DIR_PATH}/Podfile.lock",
				"${PODS_ROOT}/Manifest.lock",
			);
			name = "[CP] Check Pods Manifest.lock";
			outputFileListPaths = (
			);
			outputPaths = (
				"$(DERIVED_FILE_DIR)/Pods-Flix-checkManifestLockResult.txt",
			);
			runOnlyForDeploymentPostprocessing = 0;
			shellPath = /bin/sh;
			shellScript = "diff \"${PODS_PODFILE_DIR_PATH}/Podfile.lock\" \"${PODS_ROOT}/Manifest.lock\" > /dev/null\nif [ $? != 0 ] ; then\n    # print error to STDERR\n    echo \"error: The sandbox is not in sync with the Podfile.lock. Run 'pod install' or update your CocoaPods installation.\" >&2\n    exit 1\nfi\n# This output is used by Xcode 'outputs' to avoid re-running this script phase.\necho \"SUCCESS\" > \"${SCRIPT_OUTPUT_FILE_0}\"\n";
			showEnvVarsInLog = 0;
		};
		A8C7885057897559E0B8E3CF /* [CP] Embed Pods Frameworks */ = {
			isa = PBXShellScriptBuildPhase;
			buildActionMask = 2147483647;
			files = (
			);
			inputFileListPaths = (
				"${PODS_ROOT}/Target Support Files/Pods-Flix/Pods-Flix-frameworks-${CONFIGURATION}-input-files.xcfilelist",
			);
			name = "[CP] Embed Pods Frameworks";
			outputFileListPaths = (
				"${PODS_ROOT}/Target Support Files/Pods-Flix/Pods-Flix-frameworks-${CONFIGURATION}-output-files.xcfilelist",
			);
			runOnlyForDeploymentPostprocessing = 0;
			shellPath = /bin/sh;
			shellScript = "\"${PODS_ROOT}/Target Support Files/Pods-Flix/Pods-Flix-frameworks.sh\"\n";
			showEnvVarsInLog = 0;
		};
		DF67E8797118272B0EA1B274 /* [CP] Check Pods Manifest.lock */ = {
			isa = PBXShellScriptBuildPhase;
			buildActionMask = 2147483647;
			files = (
			);
			inputFileListPaths = (
			);
			inputPaths = (
				"${PODS_PODFILE_DIR_PATH}/Podfile.lock",
				"${PODS_ROOT}/Manifest.lock",
			);
			name = "[CP] Check Pods Manifest.lock";
			outputFileListPaths = (
			);
			outputPaths = (
				"$(DERIVED_FILE_DIR)/Pods-FlixTests-checkManifestLockResult.txt",
			);
			runOnlyForDeploymentPostprocessing = 0;
			shellPath = /bin/sh;
			shellScript = "diff \"${PODS_PODFILE_DIR_PATH}/Podfile.lock\" \"${PODS_ROOT}/Manifest.lock\" > /dev/null\nif [ $? != 0 ] ; then\n    # print error to STDERR\n    echo \"error: The sandbox is not in sync with the Podfile.lock. Run 'pod install' or update your CocoaPods installation.\" >&2\n    exit 1\nfi\n# This output is used by Xcode 'outputs' to avoid re-running this script phase.\necho \"SUCCESS\" > \"${SCRIPT_OUTPUT_FILE_0}\"\n";
			showEnvVarsInLog = 0;
		};
/* End PBXShellScriptBuildPhase section */

/* Begin PBXSourcesBuildPhase section */
		B9D816B427B0A86800138079 /* Sources */ = {
			isa = PBXSourcesBuildPhase;
			buildActionMask = 2147483647;
			files = (
				B9D816C027B0A86800138079 /* ViewController.swift in Sources */,
				B9D816BC27B0A86800138079 /* AppDelegate.swift in Sources */,
				B9D816BE27B0A86800138079 /* SceneDelegate.swift in Sources */,
				B9D816F027B0D0D400138079 /* MovieCell.swift in Sources */,
			);
			runOnlyForDeploymentPostprocessing = 0;
		};
		B9D816CA27B0A87200138079 /* Sources */ = {
			isa = PBXSourcesBuildPhase;
			buildActionMask = 2147483647;
			files = (
				B9D816D327B0A87200138079 /* FlixTests.swift in Sources */,
			);
			runOnlyForDeploymentPostprocessing = 0;
		};
		B9D816D427B0A87200138079 /* Sources */ = {
			isa = PBXSourcesBuildPhase;
			buildActionMask = 2147483647;
			files = (
				B9D816DD27B0A87200138079 /* FlixUITests.swift in Sources */,
				B9D816DF27B0A87200138079 /* FlixUITestsLaunchTests.swift in Sources */,
			);
			runOnlyForDeploymentPostprocessing = 0;
		};
/* End PBXSourcesBuildPhase section */

/* Begin PBXTargetDependency section */
		B9D816D027B0A87200138079 /* PBXTargetDependency */ = {
			isa = PBXTargetDependency;
			target = B9D816B727B0A86800138079 /* Flix */;
			targetProxy = B9D816CF27B0A87200138079 /* PBXContainerItemProxy */;
		};
		B9D816DA27B0A87200138079 /* PBXTargetDependency */ = {
			isa = PBXTargetDependency;
			target = B9D816B727B0A86800138079 /* Flix */;
			targetProxy = B9D816D927B0A87200138079 /* PBXContainerItemProxy */;
		};
/* End PBXTargetDependency section */

/* Begin PBXVariantGroup section */
		B9D816C127B0A86800138079 /* Main.storyboard */ = {
			isa = PBXVariantGroup;
			children = (
				B9D816C227B0A86800138079 /* Base */,
			);
			name = Main.storyboard;
			sourceTree = "<group>";
		};
		B9D816C627B0A87100138079 /* LaunchScreen.storyboard */ = {
			isa = PBXVariantGroup;
			children = (
				B9D816C727B0A87100138079 /* Base */,
			);
			name = LaunchScreen.storyboard;
			sourceTree = "<group>";
		};
/* End PBXVariantGroup section */

/* Begin XCBuildConfiguration section */
		B9D816E027B0A87200138079 /* Debug */ = {
			isa = XCBuildConfiguration;
			buildSettings = {
				ALWAYS_SEARCH_USER_PATHS = NO;
				CLANG_ANALYZER_NONNULL = YES;
				CLANG_ANALYZER_NUMBER_OBJECT_CONVERSION = YES_AGGRESSIVE;
				CLANG_CXX_LANGUAGE_STANDARD = "gnu++17";
				CLANG_CXX_LIBRARY = "libc++";
				CLANG_ENABLE_MODULES = YES;
				CLANG_ENABLE_OBJC_ARC = YES;
				CLANG_ENABLE_OBJC_WEAK = YES;
				CLANG_WARN_BLOCK_CAPTURE_AUTORELEASING = YES;
				CLANG_WARN_BOOL_CONVERSION = YES;
				CLANG_WARN_COMMA = YES;
				CLANG_WARN_CONSTANT_CONVERSION = YES;
				CLANG_WARN_DEPRECATED_OBJC_IMPLEMENTATIONS = YES;
				CLANG_WARN_DIRECT_OBJC_ISA_USAGE = YES_ERROR;
				CLANG_WARN_DOCUMENTATION_COMMENTS = YES;
				CLANG_WARN_EMPTY_BODY = YES;
				CLANG_WARN_ENUM_CONVERSION = YES;
				CLANG_WARN_INFINITE_RECURSION = YES;
				CLANG_WARN_INT_CONVERSION = YES;
				CLANG_WARN_NON_LITERAL_NULL_CONVERSION = YES;
				CLANG_WARN_OBJC_IMPLICIT_RETAIN_SELF = YES;
				CLANG_WARN_OBJC_LITERAL_CONVERSION = YES;
				CLANG_WARN_OBJC_ROOT_CLASS = YES_ERROR;
				CLANG_WARN_QUOTED_INCLUDE_IN_FRAMEWORK_HEADER = YES;
				CLANG_WARN_RANGE_LOOP_ANALYSIS = YES;
				CLANG_WARN_STRICT_PROTOTYPES = YES;
				CLANG_WARN_SUSPICIOUS_MOVE = YES;
				CLANG_WARN_UNGUARDED_AVAILABILITY = YES_AGGRESSIVE;
				CLANG_WARN_UNREACHABLE_CODE = YES;
				CLANG_WARN__DUPLICATE_METHOD_MATCH = YES;
				COPY_PHASE_STRIP = NO;
				DEBUG_INFORMATION_FORMAT = dwarf;
				ENABLE_STRICT_OBJC_MSGSEND = YES;
				ENABLE_TESTABILITY = YES;
				GCC_C_LANGUAGE_STANDARD = gnu11;
				GCC_DYNAMIC_NO_PIC = NO;
				GCC_NO_COMMON_BLOCKS = YES;
				GCC_OPTIMIZATION_LEVEL = 0;
				GCC_PREPROCESSOR_DEFINITIONS = (
					"DEBUG=1",
					"$(inherited)",
				);
				GCC_WARN_64_TO_32_BIT_CONVERSION = YES;
				GCC_WARN_ABOUT_RETURN_TYPE = YES_ERROR;
				GCC_WARN_UNDECLARED_SELECTOR = YES;
				GCC_WARN_UNINITIALIZED_AUTOS = YES_AGGRESSIVE;
				GCC_WARN_UNUSED_FUNCTION = YES;
				GCC_WARN_UNUSED_VARIABLE = YES;
				IPHONEOS_DEPLOYMENT_TARGET = 15.2;
				MTL_ENABLE_DEBUG_INFO = INCLUDE_SOURCE;
				MTL_FAST_MATH = YES;
				ONLY_ACTIVE_ARCH = YES;
				SDKROOT = iphoneos;
				SWIFT_ACTIVE_COMPILATION_CONDITIONS = DEBUG;
				SWIFT_OPTIMIZATION_LEVEL = "-Onone";
			};
			name = Debug;
		};
		B9D816E127B0A87200138079 /* Release */ = {
			isa = XCBuildConfiguration;
			buildSettings = {
				ALWAYS_SEARCH_USER_PATHS = NO;
				CLANG_ANALYZER_NONNULL = YES;
				CLANG_ANALYZER_NUMBER_OBJECT_CONVERSION = YES_AGGRESSIVE;
				CLANG_CXX_LANGUAGE_STANDARD = "gnu++17";
				CLANG_CXX_LIBRARY = "libc++";
				CLANG_ENABLE_MODULES = YES;
				CLANG_ENABLE_OBJC_ARC = YES;
				CLANG_ENABLE_OBJC_WEAK = YES;
				CLANG_WARN_BLOCK_CAPTURE_AUTORELEASING = YES;
				CLANG_WARN_BOOL_CONVERSION = YES;
				CLANG_WARN_COMMA = YES;
				CLANG_WARN_CONSTANT_CONVERSION = YES;
				CLANG_WARN_DEPRECATED_OBJC_IMPLEMENTATIONS = YES;
				CLANG_WARN_DIRECT_OBJC_ISA_USAGE = YES_ERROR;
				CLANG_WARN_DOCUMENTATION_COMMENTS = YES;
				CLANG_WARN_EMPTY_BODY = YES;
				CLANG_WARN_ENUM_CONVERSION = YES;
				CLANG_WARN_INFINITE_RECURSION = YES;
				CLANG_WARN_INT_CONVERSION = YES;
				CLANG_WARN_NON_LITERAL_NULL_CONVERSION = YES;
				CLANG_WARN_OBJC_IMPLICIT_RETAIN_SELF = YES;
				CLANG_WARN_OBJC_LITERAL_CONVERSION = YES;
				CLANG_WARN_OBJC_ROOT_CLASS = YES_ERROR;
				CLANG_WARN_QUOTED_INCLUDE_IN_FRAMEWORK_HEADER = YES;
				CLANG_WARN_RANGE_LOOP_ANALYSIS = YES;
				CLANG_WARN_STRICT_PROTOTYPES = YES;
				CLANG_WARN_SUSPICIOUS_MOVE = YES;
				CLANG_WARN_UNGUARDED_AVAILABILITY = YES_AGGRESSIVE;
				CLANG_WARN_UNREACHABLE_CODE = YES;
				CLANG_WARN__DUPLICATE_METHOD_MATCH = YES;
				COPY_PHASE_STRIP = NO;
				DEBUG_INFORMATION_FORMAT = "dwarf-with-dsym";
				ENABLE_NS_ASSERTIONS = NO;
				ENABLE_STRICT_OBJC_MSGSEND = YES;
				GCC_C_LANGUAGE_STANDARD = gnu11;
				GCC_NO_COMMON_BLOCKS = YES;
				GCC_WARN_64_TO_32_BIT_CONVERSION = YES;
				GCC_WARN_ABOUT_RETURN_TYPE = YES_ERROR;
				GCC_WARN_UNDECLARED_SELECTOR = YES;
				GCC_WARN_UNINITIALIZED_AUTOS = YES_AGGRESSIVE;
				GCC_WARN_UNUSED_FUNCTION = YES;
				GCC_WARN_UNUSED_VARIABLE = YES;
				IPHONEOS_DEPLOYMENT_TARGET = 15.2;
				MTL_ENABLE_DEBUG_INFO = NO;
				MTL_FAST_MATH = YES;
				SDKROOT = iphoneos;
				SWIFT_COMPILATION_MODE = wholemodule;
				SWIFT_OPTIMIZATION_LEVEL = "-O";
				VALIDATE_PRODUCT = YES;
			};
			name = Release;
		};
		B9D816E327B0A87200138079 /* Debug */ = {
			isa = XCBuildConfiguration;
			baseConfigurationReference = 58F797633E6B0E6C783FCD6B /* Pods-Flix.debug.xcconfig */;
			buildSettings = {
				ASSETCATALOG_COMPILER_APPICON_NAME = AppIcon;
				ASSETCATALOG_COMPILER_GLOBAL_ACCENT_COLOR_NAME = AccentColor;
				CODE_SIGN_STYLE = Automatic;
				CURRENT_PROJECT_VERSION = 1;
				DEVELOPMENT_TEAM = 3P7Z6DBL3D;
				GENERATE_INFOPLIST_FILE = YES;
				INFOPLIST_FILE = Flix/Info.plist;
				INFOPLIST_KEY_UIApplicationSupportsIndirectInputEvents = YES;
				INFOPLIST_KEY_UILaunchStoryboardName = LaunchScreen;
				INFOPLIST_KEY_UIMainStoryboardFile = Main;
				INFOPLIST_KEY_UISupportedInterfaceOrientations_iPad = "UIInterfaceOrientationPortrait UIInterfaceOrientationPortraitUpsideDown UIInterfaceOrientationLandscapeLeft UIInterfaceOrientationLandscapeRight";
				INFOPLIST_KEY_UISupportedInterfaceOrientations_iPhone = "UIInterfaceOrientationPortrait UIInterfaceOrientationLandscapeLeft UIInterfaceOrientationLandscapeRight";
				LD_RUNPATH_SEARCH_PATHS = (
					"$(inherited)",
					"@executable_path/Frameworks",
				);
				MARKETING_VERSION = 1.0;
				PRODUCT_BUNDLE_IDENTIFIER = flix.assignment1.mitchem;
				PRODUCT_NAME = "$(TARGET_NAME)";
				SWIFT_EMIT_LOC_STRINGS = YES;
				SWIFT_VERSION = 5.0;
				TARGETED_DEVICE_FAMILY = "1,2";
			};
			name = Debug;
		};
		B9D816E427B0A87200138079 /* Release */ = {
			isa = XCBuildConfiguration;
			baseConfigurationReference = 9F8D885C0E75E95E85056CD3 /* Pods-Flix.release.xcconfig */;
			buildSettings = {
				ASSETCATALOG_COMPILER_APPICON_NAME = AppIcon;
				ASSETCATALOG_COMPILER_GLOBAL_ACCENT_COLOR_NAME = AccentColor;
				CODE_SIGN_STYLE = Automatic;
				CURRENT_PROJECT_VERSION = 1;
				DEVELOPMENT_TEAM = 3P7Z6DBL3D;
				GENERATE_INFOPLIST_FILE = YES;
				INFOPLIST_FILE = Flix/Info.plist;
				INFOPLIST_KEY_UIApplicationSupportsIndirectInputEvents = YES;
				INFOPLIST_KEY_UILaunchStoryboardName = LaunchScreen;
				INFOPLIST_KEY_UIMainStoryboardFile = Main;
				INFOPLIST_KEY_UISupportedInterfaceOrientations_iPad = "UIInterfaceOrientationPortrait UIInterfaceOrientationPortraitUpsideDown UIInterfaceOrientationLandscapeLeft UIInterfaceOrientationLandscapeRight";
				INFOPLIST_KEY_UISupportedInterfaceOrientations_iPhone = "UIInterfaceOrientationPortrait UIInterfaceOrientationLandscapeLeft UIInterfaceOrientationLandscapeRight";
				LD_RUNPATH_SEARCH_PATHS = (
					"$(inherited)",
					"@executable_path/Frameworks",
				);
				MARKETING_VERSION = 1.0;
				PRODUCT_BUNDLE_IDENTIFIER = flix.assignment1.mitchem;
				PRODUCT_NAME = "$(TARGET_NAME)";
				SWIFT_EMIT_LOC_STRINGS = YES;
				SWIFT_VERSION = 5.0;
				TARGETED_DEVICE_FAMILY = "1,2";
			};
			name = Release;
		};
		B9D816E627B0A87200138079 /* Debug */ = {
			isa = XCBuildConfiguration;
			baseConfigurationReference = E05F08FAEE27C1400C6BE12E /* Pods-FlixTests.debug.xcconfig */;
			buildSettings = {
				ALWAYS_EMBED_SWIFT_STANDARD_LIBRARIES = YES;
				BUNDLE_LOADER = "$(TEST_HOST)";
				CODE_SIGN_STYLE = Automatic;
				CURRENT_PROJECT_VERSION = 1;
				DEVELOPMENT_TEAM = 3P7Z6DBL3D;
				GENERATE_INFOPLIST_FILE = YES;
				IPHONEOS_DEPLOYMENT_TARGET = 15.2;
				MARKETING_VERSION = 1.0;
				PRODUCT_BUNDLE_IDENTIFIER = Assignment1.FlixTests;
				PRODUCT_NAME = "$(TARGET_NAME)";
				SWIFT_EMIT_LOC_STRINGS = NO;
				SWIFT_VERSION = 5.0;
				TARGETED_DEVICE_FAMILY = "1,2";
				TEST_HOST = "$(BUILT_PRODUCTS_DIR)/Flix.app/Flix";
			};
			name = Debug;
		};
		B9D816E727B0A87200138079 /* Release */ = {
			isa = XCBuildConfiguration;
			baseConfigurationReference = B30AC8C82348DF1EA3EBCC99 /* Pods-FlixTests.release.xcconfig */;
			buildSettings = {
				ALWAYS_EMBED_SWIFT_STANDARD_LIBRARIES = YES;
				BUNDLE_LOADER = "$(TEST_HOST)";
				CODE_SIGN_STYLE = Automatic;
				CURRENT_PROJECT_VERSION = 1;
				DEVELOPMENT_TEAM = 3P7Z6DBL3D;
				GENERATE_INFOPLIST_FILE = YES;
				IPHONEOS_DEPLOYMENT_TARGET = 15.2;
				MARKETING_VERSION = 1.0;
				PRODUCT_BUNDLE_IDENTIFIER = Assignment1.FlixTests;
				PRODUCT_NAME = "$(TARGET_NAME)";
				SWIFT_EMIT_LOC_STRINGS = NO;
				SWIFT_VERSION = 5.0;
				TARGETED_DEVICE_FAMILY = "1,2";
				TEST_HOST = "$(BUILT_PRODUCTS_DIR)/Flix.app/Flix";
			};
			name = Release;
		};
		B9D816E927B0A87200138079 /* Debug */ = {
			isa = XCBuildConfiguration;
			baseConfigurationReference = 4D21C9BB0480DF0B231230EA /* Pods-FlixUITests.debug.xcconfig */;
			buildSettings = {
				ALWAYS_EMBED_SWIFT_STANDARD_LIBRARIES = YES;
				CODE_SIGN_STYLE = Automatic;
				CURRENT_PROJECT_VERSION = 1;
				DEVELOPMENT_TEAM = 3P7Z6DBL3D;
				GENERATE_INFOPLIST_FILE = YES;
				MARKETING_VERSION = 1.0;
				PRODUCT_BUNDLE_IDENTIFIER = Assignment1.FlixUITests;
				PRODUCT_NAME = "$(TARGET_NAME)";
				SWIFT_EMIT_LOC_STRINGS = NO;
				SWIFT_VERSION = 5.0;
				TARGETED_DEVICE_FAMILY = "1,2";
				TEST_TARGET_NAME = Flix;
			};
			name = Debug;
		};
		B9D816EA27B0A87200138079 /* Release */ = {
			isa = XCBuildConfiguration;
			baseConfigurationReference = 0C099724A0B5B12875AA31C5 /* Pods-FlixUITests.release.xcconfig */;
			buildSettings = {
				ALWAYS_EMBED_SWIFT_STANDARD_LIBRARIES = YES;
				CODE_SIGN_STYLE = Automatic;
				CURRENT_PROJECT_VERSION = 1;
				DEVELOPMENT_TEAM = 3P7Z6DBL3D;
				GENERATE_INFOPLIST_FILE = YES;
				MARKETING_VERSION = 1.0;
				PRODUCT_BUNDLE_IDENTIFIER = Assignment1.FlixUITests;
				PRODUCT_NAME = "$(TARGET_NAME)";
				SWIFT_EMIT_LOC_STRINGS = NO;
				SWIFT_VERSION = 5.0;
				TARGETED_DEVICE_FAMILY = "1,2";
				TEST_TARGET_NAME = Flix;
			};
			name = Release;
		};
/* End XCBuildConfiguration section */

/* Begin XCConfigurationList section */
		B9D816B327B0A86800138079 /* Build configuration list for PBXProject "Flix" */ = {
			isa = XCConfigurationList;
			buildConfigurations = (
				B9D816E027B0A87200138079 /* Debug */,
				B9D816E127B0A87200138079 /* Release */,
			);
			defaultConfigurationIsVisible = 0;
			defaultConfigurationName = Release;
		};
		B9D816E227B0A87200138079 /* Build configuration list for PBXNativeTarget "Flix" */ = {
			isa = XCConfigurationList;
			buildConfigurations = (
				B9D816E327B0A87200138079 /* Debug */,
				B9D816E427B0A87200138079 /* Release */,
			);
			defaultConfigurationIsVisible = 0;
			defaultConfigurationName = Release;
		};
		B9D816E527B0A87200138079 /* Build configuration list for PBXNativeTarget "FlixTests" */ = {
			isa = XCConfigurationList;
			buildConfigurations = (
				B9D816E627B0A87200138079 /* Debug */,
				B9D816E727B0A87200138079 /* Release */,
			);
			defaultConfigurationIsVisible = 0;
			defaultConfigurationName = Release;
		};
		B9D816E827B0A87200138079 /* Build configuration list for PBXNativeTarget "FlixUITests" */ = {
			isa = XCConfigurationList;
			buildConfigurations = (
				B9D816E927B0A87200138079 /* Debug */,
				B9D816EA27B0A87200138079 /* Release */,
			);
			defaultConfigurationIsVisible = 0;
			defaultConfigurationName = Release;
		};
/* End XCConfigurationList section */

/* Begin XCRemoteSwiftPackageReference section */
		B9D816F127B182B400138079 /* XCRemoteSwiftPackageReference "AlamofireImage" */ = {
			isa = XCRemoteSwiftPackageReference;
			repositoryURL = "https://github.com/Alamofire/AlamofireImage";
			requirement = {
				kind = upToNextMajorVersion;
				minimumVersion = 4.0.0;
			};
		};
/* End XCRemoteSwiftPackageReference section */

/* Begin XCSwiftPackageProductDependency section */
		B9D816F227B182B400138079 /* AlamofireImage */ = {
			isa = XCSwiftPackageProductDependency;
			package = B9D816F127B182B400138079 /* XCRemoteSwiftPackageReference "AlamofireImage" */;
			productName = AlamofireImage;
		};
/* End XCSwiftPackageProductDependency section */
	};
	rootObject = B9D816B027B0A86800138079 /* Project object */;
}
